version = 1
revision = 3
requires-python = ">=3.12, <3.14"
resolution-markers = [
    "sys_platform == 'win32'",
    "sys_platform == 'emscripten'",
    "sys_platform != 'emscripten' and sys_platform != 'win32'",
]

[[package]]
name = "colorama"
version = "0.4.6"
source = { registry = "https://pypi.org/simple" }
sdist = { url = "https://files.pythonhosted.org/packages/d8/53/6f443c9a4a8358a93a6792e2acffb9d9d5cb0a5cfd8802644b7b1c9a02e4/colorama-0.4.6.tar.gz", hash = "sha256:08695f5cb7ed6e0531a20572697297273c47b8cae5a63ffc6d6ed5c201be6e44", size = 27697, upload-time = "2022-10-25T02:36:22.414Z" }
wheels = [
    { url = "https://files.pythonhosted.org/packages/d1/d6/3965ed04c63042e047cb6a3e6ed1a63a35087b6a609aa3a15ed8ac56c221/colorama-0.4.6-py2.py3-none-any.whl", hash = "sha256:4f1d9991f5acc0ca119f9d443620b77f9d6b33703e51011c16baf57afb285fc6", size = 25335, upload-time = "2022-10-25T02:36:20.889Z" },
]

[[package]]
name = "country-flags-database"
version = "0.1.0"
source = { editable = "." }
dependencies = [
    { name = "pandas" },
    { name = "pycountry-convert" },
]

[package.metadata]
requires-dist = [
    { name = "pandas", specifier = ">=3.0.6" },
    { name = "pycountry-convert", specifier = ">=0.7.2" },
]

[[package]]
name = "coverage"
version = "7.16.1"
source = { registry = "https://pypi.org/simple" }
sdist = { url = "https://files.pythonhosted.org/packages/65/2d/c738872f477f5687152acae68635790387425d407ae37dd3d3a8a6692307/coverage-7.16.1.tar.gz", hash = "sha256:f83981779bcf9dfa06fa0a8d4cb43e0faec1706328ce07aa3e7b665b4ac0f210", size = 969651, upload-time = "2026-09-13T19:12:21.422Z" }
wheels = [
    { url = "https://files.pythonhosted.org/packages/1a/f7/7cd4c9f2a3b7574414222ec425d5eee21cc690d867a013315e3be8ba185c/coverage-7.16.1-cp312-cp312-macosx_10_13_x86_64.whl", hash = "sha256:b7f2c26ce6ce0b1e0ca0d5fae96ea510e3a2e78b7207f06e76b7f2c87fa3d0af", size = 223475, upload-time = "2026-09-13T19:09:10.145Z" },
    { url = "https://files.pythonhosted.org/packages/3e/f2/9ac65f9cedd43f91e2d3657c11f13aef82aebae89b2243dc9e44fe58a740/coverage-7.16.1-cp312-cp312-macosx_11_0_arm64.whl", hash = "sha256:070acb9da788dff743a4d36fc015feee12d68f0349959017542017c79f59c21c", size = 223845, upload-time = "2026-09-13T19:09:11.988Z" },
    { url = "https://files.pythonhosted.org/packages/62/4d/f13db452d4367fe1122abfd98ae330596f65a3b40498f8e1a5811f68f123/coverage-7.16.1-cp312-cp312-manylinux1_i686.manylinux_2_28_i686.manylinux_2_5_i686.whl", hash = "sha256:e366587b370bc9b8b51b7b7272c610c56db5d5b4795b9e4a29d28ff2f440f809", size = 255341, upload-time = "2026-09-13T19:09:13.708Z" },
    { url = "https://files.pythonhosted.org/packages/5d/6b/85ed86e82835a96ddfbe7705c387c28ce1cbbecd1b6d606f5ddfeeb712df/coverage-7.16.1-cp312-cp312-manylinux1_x86_64.manylinux_2_28_x86_64.manylinux_2_5_x86_64.whl", hash = "sha256:e82e10b9d290f60b63459cfb245a841aec347603997206296b93881463a93dcf", size = 258078, upload-time = "2026-09-13T19:09:15.368Z" },
    { url = "https://files.pythonhosted.org/packages/cd/d2/f66945853d850b9c05f4e012e37396f1f31d0cd40d062394b229c22e7b56/coverage-7.16.1-cp312-cp312-manylinux2014_aarch64.manylinux_2_17_aarch64.manylinux_2_28_aarch64.whl", hash = "sha256:3d73bb1f85c4150ac208fb0755beb04b2e44897bad81414de9380f98dd74729f", size = 259191, upload-time = "2026-09-13T19:09:17.046Z" },
    { url = "https://files.pythonhosted.org/packages/77/a1/7b907abe62461f289035c7ac60ab3e6334efb8c425151aac4abfa0c97820/coverage-7.16.1-cp312-cp312-manylinux2014_ppc64le.manylinux_2_17_ppc64le.manylinux_2_28_ppc64le.whl", hash = "sha256:3397b9032553d281ad6a9253b12675b65e0cc8cd7a3b0633cf48872c9eb13360", size = 261452, upload-time = "2026-09-13T19:09:18.756Z" },
    { url = "https://files.pythonhosted.org/packages/51/e6/e26f4d6b1069a2a2fee3238a132f85c5b4c1dc25aebd88e015451ff0bd68/coverage-7.16.1-cp312-cp312-manylinux_2_31_riscv64.manylinux_2_39_riscv64.whl", hash = "sha256:77890395cf37026a5907d3ad32376aa51f41c0f163b7477fdbd4f94966cc1d08", size = 255698, upload-time = "2026-09-13T19:09:20.786Z" },
    { url = "https://files.pythonhosted.org/packages/7f/ec/99db7450e813050ebce300e31bbd4f997c76a8c6e3a6d168c5dffc104109/coverage-7.16.1-cp312-cp312-musllinux_1_2_aarch64.whl", hash = "sha256:b0944dc3bee3091039bf970d73caaf930c906013128a421bdc132e797494d941", size = 257111, upload-time = "2026-09-13T19:09:22.693Z" },
    { url = "https://files.pythonhosted.org/packages/2e/9d/500df9d3cd8c541ac84b5e0bcab00646be75654e05aa34e8410ec851282d/coverage-7.16.1-cp312-cp312-musllinux_1_2_i686.whl", hash = "sha256:b89d22a89d5bc05dd95b64e08295b8394aa96dc88e08f8ba210c9ebfebbe0489", size = 255258, upload-time = "2026-09-13T19:09:24.429Z" },
    { url = "https://files.pythonhosted.org/packages/c0/24/53318d96da332bb4946f8ac646fa19fd37fecbd0c49144735c716ac69bf0/coverage-7.16.1-cp312-cp312-musllinux_1_2_ppc64le.whl", hash = "sha256:550a2a1faf7559f13d5344f12d1eb886ad87955155d7dfab2a3fe5c8ec8fe776", size = 259326, upload-time = "2026-09-13T19:09:26.32Z" },
    { url = "https://files.pythonhosted.org/packages/c5/ce/abc0462b2e6ae96ae22197d2bc30fe33b6b4e52937e782745436ceb2a761/coverage-7.16.1-cp312-cp312-musllinux_1_2_riscv64.whl", hash = "sha256:55eb268e5b81aefac759766c9162625b06c1bedb7b77d936225bafc4f038a6f6", size = 254827, upload-time = "2026-09-13T19:09:28.191Z" },
    { url = "https://files.pythonhosted.org/packages/8b/e1/0a04eedaaf19196b51f0180968134228c7646e469ed29914e48690a7cf3e/coverage-7.16.1-cp312-cp312-musllinux_1_2_x86_64.whl", hash = "sha256:65a8fc80898c9ce59f04349fe8b4849b1f9787f14e52ead990e5f849ff4727a0", size = 256698, upload-time = "2026-09-13T19:09:29.922Z" },
    { url = "https://files.pythonhosted.org/packages/de/1d/d441a55cf22ce9d8e9e34814806c47441ab844bd534e0f4b64e1c6ae8bd1/coverage-7.16.1-cp312-cp312-win32.whl", hash = "sha256:528a61be40977c340cf201d23b69bd6a6bab507da60e9dbda85f8b30e935d70d", size = 225541, upload-time = "2026-09-13T19:09:31.752Z" },
    { url = "https://files.pythonhosted.org/packages/73/27/ec3d032375735dd331477caa051419678079ff90fcb53d0284a6c2bfb757/coverage-7.16.1-cp312-cp312-win_amd64.whl", hash = "sha256:d0f02c633630e2b74522108ee95a84ad6e1204a8016a6cca5297f335ea27147e", size = 226075, upload-time = "2026-09-13T19:09:33.556Z" },
    { url = "https://files.pythonhosted.org/packages/94/00/90e9f5c4434878494306b9c0ee8068ebbd829483737d8cefccc58884d728/coverage-7.16.1-cp312-cp312-win_arm64.whl", hash = "sha256:2959978f9d1d20a2c0c15d0a68baaeccf615ac1aa214cf4a05a10d6f568926c8", size = 225461, upload-time = "2026-09-13T19:09:35.48Z" },
    { url = "https://files.pythonhosted.org/packages/aa/74/c08c0c4dc9fa6bcd1d90728a63660aa1b17b488a806948598456c48f75d1/coverage-7.16.1-cp313-cp313-macosx_10_13_x86_64.whl", hash = "sha256:ee5465db6e9152a7d09f3215309326878c6aa3ac509195a369f9d264ff4bfbd9", size = 223501, upload-time = "2026-09-13T19:09:37.276Z" },
    { url = "https://files.pythonhosted.org/packages/5b/c8/784986d326663285258a8e39835c46fb730cc85284f0dbcd82078586dd22/coverage-7.16.1-cp313-cp313-macosx_11_0_arm64.whl", hash = "sha256:2b8256f8b525ba233d2e4cdcdce0d6673c66fc9bf70df1fd5e67c54a74e2d245", size = 223876, upload-time = "2026-09-13T19:09:39.385Z" },
    { url = "https://files.pythonhosted.org/packages/15/76/73fb792928872bbb07e553f920ff55c65ee962c469265feb5d1d4ae5f97a/coverage-7.16.1-cp313-cp313-manylinux1_i686.manylinux_2_28_i686.manylinux_2_5_i686.whl", hash = "sha256:d57cc400275b9a2892e905fc893f732b21ddb95271bf96406c88e2f6367848b5", size = 254863, upload-time = "2026-09-13T19:09:41.326Z" },
    { url = "https://files.pythonhosted.org/packages/ca/8d/1fd78899513244b065ccecdd1cfc6aa8b8f1bdee796d8c4f2aa8e8e5397d/coverage-7.16.1-cp313-cp313-manylinux1_x86_64.manylinux_2_28_x86_64.manylinux_2_5_x86_64.whl", hash = "sha256:6b3fd0f3435ebb7a7183b32a6062a8b755f08242ced1f3f22761d30b56b3c2a5", size = 257460, upload-time = "2026-09-13T19:09:43.086Z" },
    { url = "https://files.pythonhosted.org/packages/47/1c/b23ddfcb7ef9bd7b3fdb7be9a5dccf9925ae88e556df7aa5b655283c78f2/coverage-7.16.1-cp313-cp313-manylinux2014_aarch64.manylinux_2_17_aarch64.manylinux_2_28_aarch64.whl", hash = "sha256:e5eb1762e7eb5fad34ef913e8107c7788a66f19d328e598ce95bf7217f9e5c8f", size = 258697, upload-time = "2026-09-13T19:09:45.161Z" },
    { url = "https://files.pythonhosted.org/packages/1c/c9/19d0c6ca35778a7e9415c30c46a0c64c9d4374219d004a35563132296896/coverage-7.16.1-cp313-cp313-manylinux2014_ppc64le.manylinux_2_17_ppc64le.manylinux_2_28_ppc64le.whl", hash = "sha256:46cd3a73e9140410de62cceb66214bce0e08fb3922b9176fbfc1522fec151b41", size = 260827, upload-time = "2026-09-13T19:09:47.061Z" },
    { url = "https://files.pythonhosted.org/packages/97/fc/5862f7344382c62b85df43d483e579168cc062e007f54d895dfa51fe3e7d/coverage-7.16.1-cp313-cp313-manylinux_2_31_riscv64.manylinux_2_39_riscv64.whl", hash = "sha256:d1ba5142d68dd2cb775cbd0ac8601819298152047803c8efe4eec6d7d7aa7878", size = 255038, upload-time = "2026-09-13T19:09:48.945Z" },
    { url = "https://files.pythonhosted.org/packages/2e/9f/5c26583199a68df8d15124b4590520903f8eb7cef17db293fea712bb0783/coverage-7.16.1-cp313-cp313-musllinux_1_2_aarch64.whl", hash = "sha256:c389c6f9d1d518e1249ddcb8a7f158135644ce2c508fa6cc17b680777dad5bf2", size = 256827, upload-time = "2026-09-13T19:09:50.738Z" },
    { url = "https://files.pythonhosted.org/packages/95/13/605198bff079b107336710f28a797312ab132587168600d70a290e7ecd2e/coverage-7.16.1-cp313-cp313-musllinux_1_2_i686.whl", hash = "sha256:cdc57746c7ac0ea063351b4d651c3bb4dd4fd35e64dbb8e90c10e14eb03c4080", size = 254794, upload-time = "2026-09-13T19:09:52.577Z" },
    { url = "https://files.pythonhosted.org/packages/43/b7/0bbb32dc5ccdac766a13763fdfbffd7d73fc80349a69230c46c6b71e7508/coverage-7.16.1-cp313-cp313-musllinux_1_2_ppc64le.whl", hash = "sha256:5597180ed7670cc94c04c65347418a467d3a43d5f0cf52fcac647f5425f42037", size = 258947, upload-time = "2026-09-13T19:09:54.372Z" },
    { url = "https://files.pythonhosted.org/packages/13/bd/65c31ddd43ff4e61b63721b3dad17cca412dba6e2ce89f92abdf75734339/coverage-7.16.1-cp313-cp313-musllinux_1_2_riscv64.whl", hash = "sha256:a9647a0ac46255b8fef59a433a2161f03e5483f3a35e1cbd9dfe4600baff0c6b", size = 254613, upload-time = "2026-09-13T19:09:56.198Z" },
    { url = "https://files.pythonhosted.org/packages/25/20/d278115f2ba522b3e3128c6852be265f4e0df7202b2effca4db96cf0217d/coverage-7.16.1-cp313-cp313-musllinux_1_2_x86_64.whl", hash = "sha256:e306e98186b9cd109121f3583aeb7978797ad21d948f22944c5c08845cd554d0", size = 256388, upload-time = "2026-09-13T19:09:58.095Z" },
    { url = "https://files.pythonhosted.org/packages/e1/ca/d43aa396fb3a2f71c9411b99d926475f5acaf5c124f605c592865c80c8d5/coverage-7.16.1-cp313-cp313-win32.whl", hash = "sha256:48a78a66fcce49d7f6156524bf979c0ac633d584199717c68c6ffa949fc14e6a", size = 225550, upload-time = "2026-09-13T19:09:59.998Z" },
    { url = "https://files.pythonhosted.org/packages/0e/30/df2f6114f6a17cffe94721bd1d298f77f86aad493717fa5bc03cb291a1a6/coverage-7.16.1-cp313-cp313-win_amd64.whl", hash = "sha256:7af03247d598a353bbbbe1b925deb735276e4d845e7197c4073dc89352b236fa", size = 226091, upload-time = "2026-09-13T19:10:02.331Z" },
    { url = "https://files.pythonhosted.org/packages/ee/31/6f90d8aab72a112492bd50e3b5485b53b772b1f5fa70da0a620e723caae6/coverage-7.16.1-cp313-cp313-win_arm64.whl", hash = "sha256:166adae25b05b04c9a84135912066d9c97482115af38df1a419a38aacc6b6f5d", size = 225481, upload-time = "2026-09-13T19:10:04.151Z" },
    { url = "https://files.pythonhosted.org/packages/96/1a/d6d16babd0a5fe4c3fae40702158c570351694e74516d8d81b86c5637448/coverage-7.16.1-py3-none-any.whl", hash = "sha256:3d8bd4e58b6a5c2018d808f297905393c6c61da466a48c3f0596a76a4900ebe4", size = 215264, upload-time = "2026-09-13T19:12:18.895Z" },
]

[[package]]
name = "iniconfig"
version = "2.3.0"
source = { registry = "https://pypi.org/simple" }
sdist = { url = "https://files.pythonhosted.org/packages/72/34/14ca021ce8e5dfedc35312d08ba8bf51fdd999c576889fc2c24cb97f4f10/iniconfig-2.3.0.tar.gz", hash = "sha256:c76315c77db068650d49c5b56314774a7804df16fee4402c1f19d6d15d8c4730", size = 20503, upload-time = "2025-10-18T21:55:43.219Z" }
wheels = [
    { url = "https://files.pythonhosted.org/packages/cb/b1/3846dd7f199d53cb17f49cba7e651e9ce294d8497c8c150530ed11865bb8/iniconfig-2.3.0-py3-none-any.whl", hash = "sha256:f631c04d2c48c52b84d0d0549c99ff3859c98df65b3101406327ecc7d53fbf12", size = 7484, upload-time = "2025-10-18T21:55:41.639Z" },
]

[[package]]
name = "numpy"
version = "2.5.3"
source = { registry = "https://pypi.org/simple" }
sdist = { url = "https://files.pythonhosted.org/packages/13/01/11703282db468b85f6f7b8c7f22d058de5970d5c7e60a3a8aaa313c3de36/numpy-2.5.3.tar.gz", hash = "sha256:df2d5874ff183595a4ba404edd04f6bd9b5505c1d7708573f6a6c17489a67563", size = 20791231, upload-time = "2026-09-06T16:27:47.073Z" }
wheels = [
    { url = "https://files.pythonhosted.org/packages/d6/50/8fdbb16af64895706a45f06a4068e29db732ec180f3c1375f14123359138/numpy-2.5.3-cp312-cp312-macosx_10_13_x86_64.whl", hash = "sha256:cb189f09db39283b26bfd061ec16189e14f71c6755207f72a0f7540867afe5b9", size = 16994982, upload-time = "2026-09-06T16:24:29.244Z" },
    { url = "https://files.pythonhosted.org/packages/60/39/789131c1188c078dcb3a1692e72e1e050c68b88ffe72c9ccaac9bcd7a9cd/numpy-2.5.3-cp312-cp312-macosx_11_0_arm64.whl", hash = "sha256:f59a878c33d6b88122d80d239bb3b845d58708750b0cb06a09aebb9b18ec696c", size = 12009327, upload-time = "2026-09-06T16:24:32.491Z" },
    { url = "https://files.pythonhosted.org/packages/9c/59/a312e95696e5f601914dd8b6dd844692ba61670807417e24b68e337b5c70/numpy-2.5.3-cp312-cp312-macosx_14_0_arm64.whl", hash = "sha256:a72f874bc9e10e4b8f80426fb49716d5141f64442a0c8418065093ec8017fbb0", size = 5445405, upload-time = "2026-09-06T16:24:35.071Z" },
    { url = "https://files.pythonhosted.org/packages/30/d0/5623a1707ed4fe16e3909fe3cf5ee3da004ae677ad23d83bbf3adf1a6faf/numpy-2.5.3-cp312-cp312-macosx_14_0_x86_64.whl", hash = "sha256:fc36dc566135b5eceec4cf89758fcb719266a019ef07dae1754ae7c9f617ef3e", size = 6783213, upload-time = "2026-09-06T16:24:37.253Z" },
    { url = "https://files.pythonhosted.org/packages/f1/32/84146fc020ad3c25f805f70ab60da46fe3c540a21369754a7e4369754b6f/numpy-2.5.3-cp312-cp312-manylinux_2_27_aarch64.manylinux_2_28_aarch64.whl", hash = "sha256:76c2c1e6bfa5c84adc6434dfbf013aa92096a7985221762c8f11fedfd20fff58", size = 15687872, upload-time = "2026-09-06T16:24:39.751Z" },
    { url = "https://files.pythonhosted.org/packages/65/af/aa78d1a88805456e212b65461354cd943197fb9acecc4c90fd12295123a3/numpy-2.5.3-cp312-cp312-manylinux_2_27_x86_64.manylinux_2_28_x86_64.whl", hash = "sha256:b7e18c623bb5c95acb3b3328861272816ba199fb531921c5d6d0b675f1fde9e3", size = 16717410, upload-time = "2026-09-06T16:24:42.745Z" },
    { url = "https://files.pythonhosted.org/packages/3b/24/faa79d865e69a97ba17473b23a1b74094b2259c03e820c70297293b9ea49/numpy-2.5.3-cp312-cp312-musllinux_1_2_aarch64.whl", hash = "sha256:4f8929ee6c96bfbd7b4ed2032e0c03af86fe1826740ab61ddabf9072d06e57ff", size = 17040975, upload-time = "2026-09-06T16:24:45.961Z" },
    { url = "https://files.pythonhosted.org/packages/62/4a/8877e629445a7176297dffcaf9c485faa96a95d81728a62521ad55bd4c0f/numpy-2.5.3-cp312-cp312-musllinux_1_2_x86_64.whl", hash = "sha256:b5d93cf48f687479941d12b69c873ad2cc76bbd487f0091c2200636497f34034", size = 18476479, upload-time = "2026-09-06T16:24:49.35Z" },
    { url = "https://files.pythonhosted.org/packages/c8/db/35e1c2d38b04cbd5b731f9d71495e055e813197669d22b612f11748d2ff9/numpy-2.5.3-cp312-cp312-win32.whl", hash = "sha256:bf63afbe037eb5d2fe87fbcc7778e61da53ebaf21d938a4515aa73b62532a5d4", size = 6133378, upload-time = "2026-09-06T16:24:51.915Z" },
    { url = "https://files.pythonhosted.org/packages/3c/a1/accf6d4f0c80c5d9ba9735d6b1550e444180599f34dec69ca01360f717ad/numpy-2.5.3-cp312-cp312-win_amd64.whl", hash = "sha256:0a59a421a32580a009e8a1751345bf829631b990dc1794b80514ab722b435def", size = 12567828, upload-time = "2026-09-06T16:24:54.255Z" },
    { url = "https://files.pythonhosted.org/packages/22/43/1764aff32e4652526ae2f71fa8b3efd8d25c8a3d6926914454e47138ed1e/numpy-2.5.3-cp312-cp312-win_arm64.whl", hash = "sha256:ccb32e0525d29e8b0572eb84c9a57af0e7a4e615726927506f55063c62414034", size = 10485432, upload-time = "2026-09-06T16:24:57.278Z" },
    { url = "https://files.pythonhosted.org/packages/79/e5/8fb89cd46d14e35699d13bf943a5f5f441ecee8667120a1f6105ab89e349/numpy-2.5.3-cp313-cp313-macosx_10_13_x86_64.whl", hash = "sha256:66a78fe4556c60aceda5916f9eacd638b18e9e681016ec302dcb4682d6d4d034", size = 16991061, upload-time = "2026-09-06T16:25:00.411Z" },
    { url = "https://files.pythonhosted.org/packages/2f/06/9dc9e48b5e5e941c8b10350c5ff2d721da42a20517d911d15544246775ff/numpy-2.5.3-cp313-cp313-macosx_11_0_arm64.whl", hash = "sha256:92f30e89b8ee0ecf363033576c422b2f58fed6a80bed0aa48dff6d14c654663e", size = 12003676, upload-time = "2026-09-06T16:25:03.475Z" },
    { url = "https://files.pythonhosted.org/packages/ab/2a/98282aa5b8f58b1157d440bb6282eed47e3632a5de53a714fbab17e659fe/numpy-2.5.3-cp313-cp313-macosx_14_0_arm64.whl", hash = "sha256:f9a2353b37a1a9e78fd82b27ad7e2a32a2d036604d18f02b05e3136c62ca3b09", size = 5439695, upload-time = "2026-09-06T16:25:05.978Z" },
    { url = "https://files.pythonhosted.org/packages/a1/f9/b6533d777be9d6ffd29dc1be0867e563e6e8cc9a220ff1b716adc317f060/numpy-2.5.3-cp313-cp313-macosx_14_0_x86_64.whl", hash = "sha256:ccbc4665079665c3cf3bab4db9f6b095370cd6437d66be549b6c2a1fd19e1958", size = 6779395, upload-time = "2026-09-06T16:25:08.599Z" },
    { url = "https://files.pythonhosted.org/packages/73/85/735720d04ec197c5dcfacdfc9922667c7f1f5f496a279b7ba4d7c74c4cc7/numpy-2.5.3-cp313-cp313-manylinux_2_27_aarch64.manylinux_2_28_aarch64.whl", hash = "sha256:c76d5dde9f445058f83d0c02af00557a4db91de9a9a57c0df87d1535001d654b", size = 15681750, upload-time = "2026-09-06T16:25:11.173Z" },
    { url = "https://files.pythonhosted.org/packages/3a/1b/3b16a9bc514a440a7a0883684111dcb1ef1aee960af2ca95da8fc775f124/numpy-2.5.3-cp313-cp313-manylinux_2_27_x86_64.manylinux_2_28_x86_64.whl", hash = "sha256:a5fa86b80fd24bcd1aff83ad23be44ea323de3f787be8f8b15d4a65621e25321", size = 16708577, upload-time = "2026-09-06T16:25:14.171Z" },
    { url = "https://files.pythonhosted.org/packages/69/c4/386f397831b07328b639c96c5b62719346cf4baf07c68d927239752b1534/numpy-2.5.3-cp313-cp313-musllinux_1_2_aarch64.whl", hash = "sha256:bd4cb9ad3c7889b9b3fe0a9a9fb5d2ed26f9879bff2608d9f01aed147a20d231", size = 17042047, upload-time = "2026-09-06T16:25:17.582Z" },
    { url = "https://files.pythonhosted.org/packages/5f/3e/a700ecbf36e85ae8328fd3b0e12eeddc22ed6358a64cb2bd913e0d195d65/numpy-2.5.3-cp313-cp313-musllinux_1_2_x86_64.whl", hash = "sha256:1302b90c0e52281681b2975adfe8a860cb7b12216a27b4b0b4207c44bf7bccf0", size = 18465724, upload-time = "2026-09-06T16:25:20.949Z" },
    { url = "https://files.pythonhosted.org/packages/41/ee/38e785e88a4045f6ad1d1f2808dcdfafdca48c760260c0587bf171e29fc9/numpy-2.5.3-cp313-cp313-win32.whl", hash = "sha256:1c80eabb4035ecf4ca9cd49cde8a9fdd69a729e63e6474887d1523ade7aa277f", size = 6129003, upload-time = "2026-09-06T16:25:23.664Z" },
    { url = "https://files.pythonhosted.org/packages/f3/ec/100f2b1794ede74a9b3d7ec6b9736927f56713414c1dfe19ab6c383494bf/numpy-2.5.3-cp313-cp313-win_amd64.whl", hash = "sha256:71cad2b2a7451ab79d8f5e71b453485b6775963d5cf794179144a7463fe6e8ec", size = 12560965, upload-time = "2026-09-06T16:25:26.602Z" },
    { url = "https://files.pythonhosted.org/packages/80/b1/7dc825ca94c12acebbce4c37caa5e198695eb31424bc579679f32b1bb49d/numpy-2.5.3-cp313-cp313-win_arm64.whl", hash = "sha256:8e4dd766076855b5ff7ea52fa5f07ce26286726e0f8bff446b7739d02e6ea204", size = 10482343, upload-time = "2026-09-06T16:25:29.772Z" },
]

[[package]]
name = "packaging"
version = "26.3"
source = { registry = "https://pypi.org/simple" }
sdist = { url = "https://files.pythonhosted.org/packages/7d/fa/3944b40b07da9ce895c0e6303a5ab7d53da063554f534556b134a54d6093/packaging-26.3.tar.gz", hash = "sha256:94edc256424af38762eb31306eed28beb9f0efc50a8837492c9d6fd6004aed79", size = 313412, upload-time = "2026-08-04T18:15:28.737Z" }
wheels = [
    { url = "https://files.pythonhosted.org/packages/63/34/ba1c580383c9eada3711951fef0795c80b829a078d72188184bcab9dd527/packaging-26.3-py3-none-any.whl", hash = "sha256:d7193f7c8e4e93f444fde0262bf90af30e16fa0ad0ad44cb553c87339b23cd1c", size = 129956, upload-time = "2026-08-04T18:15:27.159Z" },
]

[[package]]
name = "pandas"
version = "3.0.6"
source = { registry = "https://pypi.org/simple" }
dependencies = [
    { name = "numpy" },
    { name = "python-dateutil" },
    { name = "tzdata", marker = "sys_platform == 'emscripten' or sys_platform == 'win32'" },
]
sdist = { url = "https://files.pythonhosted.org/packages/e2/17/d7b106e05bfa642e8694451e7d3d759c6a241c5386a5d962e4f66c047e06/pandas-3.0.6.tar.gz", hash = "sha256:66b07ef7315a31bfe1089cd3d71a7de781c9dca986762d0b4fe7c0ef17465d10", size = 4667686, upload-time = "2026-09-17T23:23:18.345Z" }
wheels = [
    { url = "https://files.pythonhosted.org/packages/77/4c/597d588c055d4373cff19cbbc32d4dd046c7be8fadee957585b5ba9e5b24/pandas-3.0.6-cp312-cp312-macosx_10_13_x86_64.whl", hash = "sha256:7dac2d65e9087e8e7b5a45fe15c4920911a221df061ab629943ce016489145c7", size = 10397411, upload-time = "2026-09-17T23:20:49.465Z" },
    { url = "https://files.pythonhosted.org/packages/18/8f/48907c7c707b61a8e5018c32e1a3f70623209bfb59020a2f6196159d3aa7/pandas-3.0.6-cp312-cp312-macosx_11_0_arm64.whl", hash = "sha256:9dab635a549e58a053c7b0fa054dc0bd7be22f0ed9a720f4a85d5fb993276172", size = 10051279, upload-time = "2026-09-17T23:20:52.409Z" },
    { url = "https://files.pythonhosted.org/packages/67/fa/613d867c3d9554a61bafdec6f79565c8a3e73235feb52cc4a72ad2e0fa6a/pandas-3.0.6-cp312-cp312-manylinux_2_24_aarch64.manylinux_2_28_aarch64.whl", hash = "sha256:e3dccb584123b399c07562ac4d62543e90ede49ddf8ce3c13ffc64cbe828c281", size = 10303429, upload-time = "2026-09-17T23:20:55.597Z" },
    { url = "https://files.pythonhosted.org/packages/cb/67/0c0f18e38d7f2d2af8c24b3315bc4046e73bbdd4a5540405506671ad0c0d/pandas-3.0.6-cp312-cp312-manylinux_2_24_x86_64.manylinux_2_28_x86_64.whl", hash = "sha256:0704044b676496b8350e023b09f174a26772456c974a2b11c36bebb558c9490d", size = 10788193, upload-time = "2026-09-17T23:20:58.617Z" },
    { url = "https://files.pythonhosted.org/packages/39/53/1b57f3162501fe36687e4870e1b918a6458ca7386b173af75663ace95857/pandas-3.0.6-cp312-cp312-musllinux_1_2_aarch64.whl", hash = "sha256:e7c1905ef02c3d6d43d9dbd5b6ccb4da4870a0b0c821bbc103fbdb6f3ad2707b", size = 11323501, upload-time = "2026-09-17T23:21:01.911Z" },
    { url = "https://files.pythonhosted.org/packages/f2/d2/b1182e8d39100369d7f13f4a125a3fb6b096fef112c46d0566c25781ff68/pandas-3.0.6-cp312-cp312-musllinux_1_2_x86_64.whl", hash = "sha256:569e114072b24fc4970c12e2b4bab252671668a40b324318903380cab0254c0c", size = 11838173, upload-time = "2026-09-17T23:21:04.85Z" },
    { url = "https://files.pythonhosted.org/packages/c7/33/5b717af24d2f27995e51e0875a269dddd373045216e34cf62e3aa764eaa1/pandas-3.0.6-cp312-cp312-pyemscripten_2024_0_wasm32.whl", hash = "sha256:2a8fc94be2ee5f1d86f97aacd8cc566f81680b6498e76f3007421bb5d98151bf", size = 7118499, upload-time = "2026-09-17T23:21:07.661Z" },
    { url = "https://files.pythonhosted.org/packages/bd/2a/14b3b17cd75cef4a1ee1af4234eb41cc1afe4103b98c2d80e8916abfd42b/pandas-3.0.6-cp312-cp312-win_amd64.whl", hash = "sha256:3ef908d28590b3f42d7070e7ad8f9b34b442b260b7f3c1afb57e0040c58cdb1b", size = 9661439, upload-time = "2026-09-17T23:21:10.959Z" },
    { url = "https://files.pythonhosted.org/packages/3b/11/3d580a604a1e35d69f6676847bd12db7d14344bc677b717f4413e79c5d0d/pandas-3.0.6-cp312-cp312-win_arm64.whl", hash = "sha256:f4e7c52eb108d752e7592268108fd3e98efd76d83a3125cdd06c621c2e44359b", size = 8959806, upload-time = "2026-09-17T23:21:13.851Z" },
    { url = "https://files.pythonhosted.org/packages/8e/1c/143605a1f6443ad50ebda78a31e5a3a10147fec2590e931584aaa5ff0a09/pandas-3.0.6-cp313-cp313-macosx_10_13_x86_64.whl", hash = "sha256:9ae8073aed8e21d1a7fe263dcdc6840743549722a6738198a0a46000fa9476f2", size = 10418900, upload-time = "2026-09-17T23:21:16.594Z" },
    { url = "https://files.pythonhosted.org/packages/ea/ca/87f8548f73d452aab35e4a90f8b39ae303295e0f2ef0b4055c44d6b3f1be/pandas-3.0.6-cp313-cp313-macosx_11_0_arm64.whl", hash = "sha256:60d81f9e1799b36f3739e7fff44d1fbb2e8fd5a271b3863e03de9715fccda0fa", size = 10064785, upload-time = "2026-09-17T23:21:19.677Z" },
    { url = "https://files.pythonhosted.org/packages/43/1a/d951442e5607c6e3b2462eff8f420797d428aa74b87c6ecfe4f48553626e/pandas-3.0.6-cp313-cp313-manylinux_2_24_aarch64.manylinux_2_28_aarch64.whl", hash = "sha256:097090508a1dd335013d39106fc10b20f4fd4a171638e47b77d55798ed9dab6c", size = 10245290, upload-time = "2026-09-17T23:21:22.797Z" },
    { url = "https://files.pythonhosted.org/packages/50/fa/96d50e1e6cd0b08b5e2b7c838f65ae644940f75a124063380b5ef73b6866/pandas-3.0.6-cp313-cp313-manylinux_2_24_x86_64.manylinux_2_28_x86_64.whl", hash = "sha256:1e92d9fa834c7d877130027cddc0cad8dcff97c1f6cca26bd6310f847228b658", size = 10757657, upload-time = "2026-09-17T23:21:25.673Z" },
    { url = "https://files.pythonhosted.org/packages/7b/12/f82d13a2cb703e1a8acee7e01fdc2b898d9cd0c00f07d1dfce63af43e350/pandas-3.0.6-cp313-cp313-musllinux_1_2_aarch64.whl", hash = "sha256:b27c8d890e4aa2171437ae2a39de1d215e674158e4865c4023a8b31c932513b2", size = 11249114, upload-time = "2026-09-17T23:21:28.898Z" },
    { url = "https://files.pythonhosted.org/packages/1a/ce/8aef2e561a2f2c8b38c913c67373c65ba6748174e763d27c80271b24bd17/pandas-3.0.6-cp313-cp313-musllinux_1_2_x86_64.whl", hash = "sha256:f8029ec0f1f89e4f985929ce1f6626dabf3140d61a4e9c1215afdab34eaf9a5d", size = 11820511, upload-time = "2026-09-17T23:21:32.11Z" },
    { url = "https://files.pythonhosted.org/packages/c0/bd/63cb67e6903ef6d9c2871916dbcbc09d254da0fe8b870cf62e16b21945f2/pandas-3.0.6-cp313-cp313-win_amd64.whl", hash = "sha256:f3ce8a6968045481e91a3990e797e348ce13db45ee164a7095bbc824e26c09dd", size = 9638092, upload-time = "2026-09-17T23:21:34.883Z" },
    { url = "https://files.pythonhosted.org/packages/75/2e/e7b35b712edb068d382ddc8b2bea8a04974100515ba2daa22b478b265842/pandas-3.0.6-cp313-cp313-win_arm64.whl", hash = "sha256:cc39303913e2ea129915670de5d1c9fbd647f543bb72e5543bac8baa94e9e42f", size = 8952032, upload-time = "2026-09-17T23:21:37.729Z" },
]

[[package]]
name = "pluggy"
version = "1.6.0"
source = { registry = "https://pypi.org/simple" }
sdist = { url = "https://files.pythonhosted.org/packages/f9/e2/3e91f31a7d2b083fe6ef3fa267035b518369d9511ffab804f839851d2779/pluggy-1.6.0.tar.gz", hash = "sha256:7dcc130b76258d33b90f61b658791dede3486c3e6bfb003ee5c9bfb396dd22f3", size = 69412, upload-time = "2025-05-15T12:30:07.975Z" }
wheels = [
    { url = "https://files.pythonhosted.org/packages/54/20/4d324d65cc6d9205fabedc306948156824eb9f0ee1633355a8f7ec5c66bf/pluggy-1.6.0-py3-none-any.whl", hash = "sha256:e920276dd6813095e9377c0bc5566d94c932c33b27a3e3945d8389c374dd4746", size = 20538, upload-time = "2025-05-15T12:30:06.134Z" },
]

[[package]]
name = "pprintpp"
version = "0.4.0"
source = { registry = "https://pypi.org/simple" }
sdist = { url = "https://files.pythonhosted.org/packages/06/1a/7737e7a0774da3c3824d654993cf57adc915cb04660212f03406334d8c0b/pprintpp-0.4.0.tar.gz", hash = "sha256:ea826108e2c7f49dc6d66c752973c3fc9749142a798d6b254e1e301cfdbc6403", size = 17995, upload-time = "2018-07-01T01:42:34.87Z" }
wheels = [
    { url = "https://files.pythonhosted.org/packages/4e/d1/e4ed95fdd3ef13b78630280d9e9e240aeb65cc7c544ec57106149c3942fb/pprintpp-0.4.0-py2.py3-none-any.whl", hash = "sha256:b6b4dcdd0c0c0d75e4d7b2f21a9e933e5b2ce62b26e1a54537f9651ae5a5c01d", size = 16952, upload-time = "2018-07-01T01:42:36.496Z" },
]

[[package]]
name = "pycountry"
version = "26.2.16"
source = { registry = "https://pypi.org/simple" }
sdist = { url = "https://files.pythonhosted.org/packages/de/1d/061b9e7a48b85cfd69f33c33d2ef784a531c359399ad764243399673c8f5/pycountry-26.2.16.tar.gz", hash = "sha256:5b6027d453fcd6060112b951dd010f01f168b51b4bf8a1f1fc8c95c8d94a0801", size = 7711342, upload-time = "2026-02-17T03:42:52.367Z" }
wheels = [
    { url = "https://files.pythonhosted.org/packages/9c/42/7703bd45b62fecd44cd7d3495423097e2f7d28bc2e99e7c1af68892ab157/pycountry-26.2.16-py3-none-any.whl", hash = "sha256:115c4baf7cceaa30f59a4694d79483c9167dbce7a9de4d3d571c5f3ea77c305a", size = 8044600, upload-time = "2026-02-17T03:42:49.777Z" },
]

[[package]]
name = "pycountry-convert"
version = "0.7.2"
source = { registry = "https://pypi.org/simple" }
dependencies = [
    { name = "pprintpp" },
    { name = "pycountry" },
    { name = "pytest" },
    { name = "pytest-cov" },
    { name = "pytest-mock" },
    { name = "repoze-lru" },
    { name = "wheel" },
]
sdist = { url = "https://files.pythonhosted.org/packages/be/85/a5bcf01c5e8de1b611990c723e2b88bdbfb93375e18d1539f6fa8f0f9952/pycountry-convert-0.7.2.tar.gz", hash = "sha256:095d310f746bf2a5ef713b3a82eea28a27262286223765b1e7be8a5c4fa7e9b9", size = 12376, upload-time = "2018-02-18T17:36:06.648Z" }
wheels = [
    { url = "https://files.pythonhosted.org/packages/9b/e7/26c14899a43c34e04a58e3772007afe79dbd64fac15d2fbaeedff24082f2/pycountry_convert-0.7.2-py3-none-any.whl", hash = "sha256:5e33883a88b3cb752d332ca2358ac6c4de4defc86a2b93b713b36338e914952e", size = 13836, upload-time = "2018-02-18T17:36:09.704Z" },
]

[[package]]
name = "pygments"
version = "2.21.0"
source = { registry = "https://pypi.org/simple" }
sdist = { url = "https://files.pythonhosted.org/packages/49/2e/ced460408999b33da6b31b0021b0f37d329e202d4169aeb164493778f25b/pygments-2.21.0.tar.gz", hash = "sha256:610ca751c9bc2492b38eb9a38a7fbc93edbbb2d7182edaf34e66ae493dee5c8c", size = 5005329, upload-time = "2026-08-17T08:02:48.824Z" }
wheels = [
    { url = "https://files.pythonhosted.org/packages/71/46/17f022dd3e953bf20a04a028a21ec746d942f8d2af30fa0f124fa0e6a684/pygments-2.21.0-py3-none-any.whl", hash = "sha256:2363c69b61c4a97c838da3b130dcd6468f4848992b21a82f2a63ec34377137d9", size = 1250147, upload-time = "2026-08-17T08:02:44.912Z" },
]

[[package]]
name = "pytest"
version = "9.1.1"
source = { registry = "https://pypi.org/simple" }
dependencies = [
    { name = "colorama", marker = "sys_platform == 'win32'" },
    { name = "iniconfig" },
    { name = "packaging" },
    { name = "pluggy" },
    { name = "pygments" },
]
sdist = { url = "https://files.pythonhosted.org/packages/e4/47/b9efed96c114afcfa3c9d3fe98a76a1d14c74a9e266d397cf6eb64be5e01/pytest-9.1.1.tar.gz", hash = "sha256:1088fbde8f2b49d95a549a195707afa7a76a3ce9bcadc26b6d71f0ffda5fe313", size = 1636369, upload-time = "2026-06-19T10:58:32.857Z" }
wheels = [
    { url = "https://files.pythonhosted.org/packages/24/25/1de2678b631f5a49215c6c96fff41ba892b0a34df68d6d80292b1b48aa7f/pytest-9.1.1-py3-none-any.whl", hash = "sha256:37a86b45efb9a47a61a36449063e8e18d0cab3161329fc099eb21783169c4f0c", size = 386536, upload-time = "2026-06-19T10:58:31.347Z" },
]

[[package]]
name = "pytest-cov"
version = "7.1.0"
source = { registry = "https://pypi.org/simple" }
dependencies = [
    { name = "coverage" },
    { name = "pluggy" },
    { name = "pytest" },
]
sdist = { url = "https://files.pythonhosted.org/packages/b1/51/a849f96e117386044471c8ec2bd6cfebacda285da9525c9106aeb28da671/pytest_cov-7.1.0.tar.gz", hash = "sha256:30674f2b5f6351aa09702a9c8c364f6a01c27aae0c1366ae8016160d1efc56b2", size = 55592, upload-time = "2026-03-21T20:11:16.284Z" }
wheels = [
    { url = "https://files.pythonhosted.org/packages/9d/7a/d968e294073affff457b041c2be9868a40c1c71f4a35fcc1e45e5493067b/pytest_cov-7.1.0-py3-none-any.whl", hash = "sha256:a0461110b7865f9a271aa1b51e516c9a95de9d696734a2f71e3e78f46e1d4678", size = 22876, upload-time = "2026-03-21T20:11:14.438Z" },
]

[[package]]
name = "pytest-mock"
version = "3.15.1"
source = { registry = "https://pypi.org/simple" }
dependencies = [
    { name = "pytest" },
]
sdist = { url = "https://files.pythonhosted.org/packages/68/14/eb014d26be205d38ad5ad20d9a80f7d201472e08167f0bb4361e251084a9/pytest_mock-3.15.1.tar.gz", hash = "sha256:1849a238f6f396da19762269de72cb1814ab44416fa73a8686deac10b0d87a0f", size = 34036, upload-time = "2025-09-16T16:37:27.081Z" }
wheels = [
    { url = "https://files.pythonhosted.org/packages/5a/cc/06253936f4a7fa2e0f48dfe6d851d9c56df896a9ab09ac019d70b760619c/pytest_mock-3.15.1-py3-none-any.whl", hash = "sha256:0a25e2eb88fe5168d535041d09a4529a188176ae608a6d249ee65abc0949630d", size = 10095, upload-time = "2025-09-16T16:37:25.734Z" },
]

[[package]]
name = "python-dateutil"
version = "2.9.0.post0"
source = { registry = "https://pypi.org/simple" }
dependencies = [
    { name = "six" },
]
sdist = { url = "https://files.pythonhosted.org/packages/66/c0/0c8b6ad9f17a802ee498c46e004a0eb49bc148f2fd230864601a86dcf6db/python-dateutil-2.9.0.post0.tar.gz", hash = "sha256:37dd54208da7e1cd875388217d5e00ebd4179249f90fb72437e91a35459a0ad3", size = 342432, upload-time = "2024-03-01T18:36:20.211Z" }
wheels = [
    { url = "https://files.pythonhosted.org/packages/ec/57/56b9bcc3c9c6a792fcbaf139543cee77261f3651ca9da0c93f5c1221264b/python_dateutil-2.9.0.post0-py2.py3-none-any.whl", hash = "sha256:a8b2bc7bffae282281c8140a97d3aa9c14da0b136dfe83f850eea9a5f7470427", size = 229892, upload-time = "2024-03-01T18:36:18.57Z" },
]

[[package]]
name = "repoze-lru"
version = "0.8"
source = { registry = "https://pypi.org/simple" }
sdist = { url = "https://files.pythonhosted.org/packages/b5/19/727d5c904ea513a6a9044bf43beaa2c5e632e017b1e0ab71e9d111d20967/repoze_lru-0.8.tar.gz", hash = "sha256:a252408cd93fe670c88d6665b96fe5d42e071dba2507a1f21a1e609ae4fa891a", size = 22169, upload-time = "2026-05-16T16:57:28.315Z" }
wheels = [
    { url = "https://files.pythonhosted.org/packages/6f/a1/cc0848069e3937651582c74db0fdddda96f853060a25617754a264913afe/repoze_lru-0.8-py3-none-any.whl", hash = "sha256:979a30d2e567e31f292009ba4467aa444c89ee0da3e3013980c35f1fb4f19d99", size = 6379, upload-time = "2026-05-16T16:57:27.257Z" },
]

[[package]]
name = "six"
version = "1.17.0"
source = { registry = "https://pypi.org/simple" }
sdist = { url = "https://files.pythonhosted.org/packages/94/e7/b2c673351809dca68a0e064b6af791aa332cf192da575fd474ed7d6f16a2/six-1.17.0.tar.gz", hash = "sha256:ff70335d468e7eb6ec65b95b99d3a2836546063f63acc5171de367e834932a81", size = 34031, upload-time = "2024-12-04T17:35:28.174Z" }
wheels = [
    { url = "https://files.pythonhosted.org/packages/b7/ce/149a00dd41f10bc29e5921b496af8b574d8413afcd5e30dfa0ed46c2cc5e/six-1.17.0-py2.py3-none-any.whl", hash = "sha256:4721f391ed90541fddacab5acf947aa0d3dc7d27b2e1e8eda2be8970586c3274", size = 11050, upload-time = "2024-12-04T17:35:26.475Z" },
]

[[package]]
name = "tzdata"
version = "2026.4"
source = { registry = "https://pypi.org/simple" }
sdist = { url = "https://files.pythonhosted.org/packages/e4/31/3d74fa778a63b98b7374323befcc0be5ab3bd94afd4096a0124e7379152c/tzdata-2026.4.tar.gz", hash = "sha256:f1b8bd365d8d210c55353f4d7f8d6d8561c0ba50d704b700d195a9424bba0d79", size = 199350, upload-time = "2026-09-12T12:56:03.251Z" }
wheels = [
    { url = "https://files.pythonhosted.org/packages/f9/bc/8737e8d54cf51106118039b83f485a4783112fab49ea9d044b234978a46e/tzdata-2026.4-py2.py3-none-any.whl", hash = "sha256:c2169a8b0a7a5e9674da5a135ccdfb2b3e671b333ed9fed17b41f73c34476e81", size = 347494, upload-time = "2026-09-12T12:56:01.67Z" },
]

[[package]]
name = "wheel"
version = "0.48.0"
source = { registry = "https://pypi.org/simple" }
dependencies = [
    { name = "packaging" },
]
sdist = { url = "https://files.pythonhosted.org/packages/d0/20/50ed6bdf27dec98b568a8ae25dc599f35baa3d9709f9e83fd1edb56b9a90/wheel-0.48.0.tar.gz", hash = "sha256:94800765601e9171bf5d58d066e640662842bcedcbab982b2c90787a2c987322", size = 66471, upload-time = "2026-08-11T22:02:27.327Z" }
wheels = [
    { url = "https://files.pythonhosted.org/packages/2e/29/69cfbb602cd91690c55d38ba9fe53e6a7e76a6fa647bf38f19c138d25449/wheel-0.48.0-py3-none-any.whl", hash = "sha256:3217dcc807155e45db462d7ef2431f5ddda0d7273b700d05a67b271ceb1287ab", size = 33320, upload-time = "2026-08-11T22:02:26.1Z" },
]
